
Microsoft Visual Studio Solution File, Format Version 12.00
# Visual Studio Version 17
VisualStudioVersion = 17.10.35027.167
MinimumVisualStudioVersion = 10.0.40219.1
Project("{888888A0-9F3D-457C-B088-3A5042F75D52}") = "Game", "Game.pyproj", "{38C9C3F9-1693-4819-8E56-B95CF0C041D8}"
EndProject
Global
	GlobalSection(SolutionConfigurationPlatforms) = preSolution
		Debug|Any CPU = Debug|Any CPU
		Debug|x64 = Debug|x64
		Release|Any CPU = Release|Any CPU
		Release|x64 = Release|x64
		Test|Any CPU = Test|Any CPU
		Test|x64 = Test|x64
	EndGlobalSection
	GlobalSection(ProjectConfigurationPlatforms) = postSolution
		{38C9C3F9-1693-4819-8E56-B95CF0C041D8}.Debug|Any CPU.ActiveCfg = Debug|Any CPU
		{38C9C3F9-1693-4819-8E56-B95CF0C041D8}.Debug|x64.ActiveCfg = Debug|Any CPU
		{38C9C3F9-1693-4819-8E56-B95CF0C041D8}.Release|Any CPU.ActiveCfg = Release|Any CPU
		{38C9C3F9-1693-4819-8E56-B95CF0C041D8}.Release|x64.ActiveCfg = Release|Any CPU
		{38C9C3F9-1693-4819-8E56-B95CF0C041D8}.Test|Any CPU.ActiveCfg = Test|Any CPU
		{38C9C3F9-1693-4819-8E56-B95CF0C041D8}.Test|x64.ActiveCfg = Test|Any CPU
	EndGlobalSection
	GlobalSection(SolutionProperties) = preSolution
		HideSolutionNode = FALSE
	EndGlobalSection
	GlobalSection(ExtensibilityGlobals) = postSolution
		SolutionGuid = {EF85E0F4-91D5-4B8A-9723-F321B11C546D}
	EndGlobalSection
EndGlobal
